
Microsoft Visual Studio Solution File, Format Version 12.00
# Visual Studio Version 16
VisualStudioVersion = 16.0.29728.190
MinimumVisualStudioVersion = 10.0.40219.1
Project("{FAE04EC0-301F-11D3-BF4B-00C04F79EFBC}") = "ToyFactory", "ToyFactory\ToyFactory.csproj", "{A10AD42C-FAD3-4165-B425-CFA60D7B6FF0}"
EndProject
Global
	GlobalSection(SolutionConfigurationPlatforms) = preSolution
		Debug|Any CPU = Debug|Any CPU
		Release|Any CPU = Release|Any CPU
	EndGlobalSection
	GlobalSection(ProjectConfigurationPlatforms) = postSolution
		{A10AD42C-FAD3-4165-B425-CFA60D7B6FF0}.Debug|Any CPU.ActiveCfg = Debug|Any CPU
		{A10AD42C-FAD3-4165-B425-CFA60D7B6FF0}.Debug|Any CPU.Build.0 = Debug|Any CPU
		{A10AD42C-FAD3-4165-B425-CFA60D7B6FF0}.Release|Any CPU.ActiveCfg = Release|Any CPU
		{A10AD42C-FAD3-4165-B425-CFA60D7B6FF0}.Release|Any CPU.Build.0 = Release|Any CPU
	EndGlobalSection
	GlobalSection(SolutionProperties) = preSolution
		HideSolutionNode = FALSE
	EndGlobalSection
	GlobalSection(ExtensibilityGlobals) = postSolution
		SolutionGuid = {F92E64B2-1D5F-437E-BFEE-2E0AA9E153DF}
	EndGlobalSection
EndGlobal
